
Microsoft Visual Studio Solution File, Format Version 12.00
# Visual Studio 15
VisualStudioVersion = 15.0.28010.2046
MinimumVisualStudioVersion = 10.0.40219.1
Project("{888888A0-9F3D-457C-B088-3A5042F75D52}") = "CatapultClientDash", "CatapultClientDash\CatapultClientDash.pyproj", "{45A9CDC9-6F1E-4189-B288-7291F796C7A3}"
EndProject
Project("{2150E333-8FDC-42A3-9474-1A3956D46DE8}") = "NewFolder1", "NewFolder1", "{EAA0BA62-5B28-4190-93E7-B5C2DB92002E}"
EndProject
Global
	GlobalSection(SolutionConfigurationPlatforms) = preSolution
		Debug|Any CPU = Debug|Any CPU
		Release|Any CPU = Release|Any CPU
	EndGlobalSection
	GlobalSection(ProjectConfigurationPlatforms) = postSolution
		{45A9CDC9-6F1E-4189-B288-7291F796C7A3}.Debug|Any CPU.ActiveCfg = Debug|Any CPU
		{45A9CDC9-6F1E-4189-B288-7291F796C7A3}.Debug|Any CPU.Build.0 = Debug|Any CPU
		{45A9CDC9-6F1E-4189-B288-7291F796C7A3}.Release|Any CPU.ActiveCfg = Release|Any CPU
		{45A9CDC9-6F1E-4189-B288-7291F796C7A3}.Release|Any CPU.Build.0 = Release|Any CPU
	EndGlobalSection
	GlobalSection(SolutionProperties) = preSolution
		HideSolutionNode = FALSE
	EndGlobalSection
	GlobalSection(ExtensibilityGlobals) = postSolution
		SolutionGuid = {CFA480C9-69CE-4ACA-B670-19413C1B22A7}
	EndGlobalSection
EndGlobal
